
Microsoft Visual Studio Solution File, Format Version 12.00
# Visual Studio Version 17
VisualStudioVersion = 17.7.34003.232
MinimumVisualStudioVersion = 10.0.40219.1
Project("{8BC9CEB8-8B4A-11D0-8D11-00A0C91BC942}") = "TuitionCalculator", "TuitionCalculator\TuitionCalculator.vcxproj", "{5C8545DD-FE4A-40C3-89DE-440B67006DE0}"
EndProject
Global
	GlobalSection(SolutionConfigurationPlatforms) = preSolution
		Debug|x64 = Debug|x64
		Debug|x86 = Debug|x86
		Release|x64 = Release|x64
		Release|x86 = Release|x86
	EndGlobalSection
	GlobalSection(ProjectConfigurationPlatforms) = postSolution
		{5C8545DD-FE4A-40C3-89DE-440B67006DE0}.Debug|x64.ActiveCfg = Debug|x64
		{5C8545DD-FE4A-40C3-89DE-440B67006DE0}.Debug|x64.Build.0 = Debug|x64
		{5C8545DD-FE4A-40C3-89DE-440B67006DE0}.Debug|x86.ActiveCfg = Debug|Win32
		{5C8545DD-FE4A-40C3-89DE-440B67006DE0}.Debug|x86.Build.0 = Debug|Win32
		{5C8545DD-FE4A-40C3-89DE-440B67006DE0}.Release|x64.ActiveCfg = Release|x64
		{5C8545DD-FE4A-40C3-89DE-440B67006DE0}.Release|x64.Build.0 = Release|x64
		{5C8545DD-FE4A-40C3-89DE-440B67006DE0}.Release|x86.ActiveCfg = Release|Win32
		{5C8545DD-FE4A-40C3-89DE-440B67006DE0}.Release|x86.Build.0 = Release|Win32
	EndGlobalSection
	GlobalSection(SolutionProperties) = preSolution
		HideSolutionNode = FALSE
	EndGlobalSection
	GlobalSection(ExtensibilityGlobals) = postSolution
		SolutionGuid = {81B71F1F-F40A-4C99-8774-3B406B714F74}
	EndGlobalSection
EndGlobal
